
Microsoft Visual Studio Solution File, Format Version 12.00
# Visual Studio 15
VisualStudioVersion = 15.0.28010.2026
MinimumVisualStudioVersion = 10.0.40219.1
Project("{FAE04EC0-301F-11D3-BF4B-00C04F79EFBC}") = "OpenStoreImport", "OpenStoreImport\OpenStoreImport.csproj", "{E5046277-3125-40EF-A2F2-EBB4A8176AE1}"
EndProject
Project("{FAE04EC0-301F-11D3-BF4B-00C04F79EFBC}") = "OpenStoreImport.UnitTests", "OpenStoreImport.UnitTests\OpenStoreImport.UnitTests.csproj", "{BA4DD530-941F-4C81-A2DF-19A2FD9B5222}"
EndProject
Project("{2150E333-8FDC-42A3-9474-1A3956D46DE8}") = "Solution Items", "Solution Items", "{102F5780-2D55-44E5-B5C9-8BC330ACF722}"
	ProjectSection(SolutionItems) = preProject
		docFolder.png = docFolder.png
		docMainWindow.png = docMainWindow.png
		docOpenStoreCatalog.png = docOpenStoreCatalog.png
		docOpenStoreImportModule.png = docOpenStoreImportModule.png
		docOpenStoreProduct.png = docOpenStoreProduct.png
		README.md = README.md
	EndProjectSection
EndProject
Project("{2150E333-8FDC-42A3-9474-1A3956D46DE8}") = "Build", "Build", "{C23317B1-78E4-46BD-AD64-FF39741EB99F}"
	ProjectSection(SolutionItems) = preProject
		Build\build.cmd = Build\build.cmd
		Build\Build.proj = Build\Build.proj
	EndProjectSection
EndProject
Global
	GlobalSection(SolutionConfigurationPlatforms) = preSolution
		Debug|Any CPU = Debug|Any CPU
		Release|Any CPU = Release|Any CPU
	EndGlobalSection
	GlobalSection(ProjectConfigurationPlatforms) = postSolution
		{E5046277-3125-40EF-A2F2-EBB4A8176AE1}.Debug|Any CPU.ActiveCfg = Debug|Any CPU
		{E5046277-3125-40EF-A2F2-EBB4A8176AE1}.Debug|Any CPU.Build.0 = Debug|Any CPU
		{E5046277-3125-40EF-A2F2-EBB4A8176AE1}.Release|Any CPU.ActiveCfg = Release|Any CPU
		{E5046277-3125-40EF-A2F2-EBB4A8176AE1}.Release|Any CPU.Build.0 = Release|Any CPU
		{BA4DD530-941F-4C81-A2DF-19A2FD9B5222}.Debug|Any CPU.ActiveCfg = Debug|Any CPU
		{BA4DD530-941F-4C81-A2DF-19A2FD9B5222}.Debug|Any CPU.Build.0 = Debug|Any CPU
		{BA4DD530-941F-4C81-A2DF-19A2FD9B5222}.Release|Any CPU.ActiveCfg = Release|Any CPU
		{BA4DD530-941F-4C81-A2DF-19A2FD9B5222}.Release|Any CPU.Build.0 = Release|Any CPU
	EndGlobalSection
	GlobalSection(SolutionProperties) = preSolution
		HideSolutionNode = FALSE
	EndGlobalSection
	GlobalSection(ExtensibilityGlobals) = postSolution
		SolutionGuid = {3510C743-22C1-414C-8B45-8EAD6BA8C8ED}
	EndGlobalSection
EndGlobal
